github.com/extism/go-pdk v1.0.0-rc1 h1:BqAMNkWfyjQ3vSRiayLYdKxXNxhb/rPOePoIDxAM24c=
github.com/extism/go-pdk v1.0.0-rc1/go.mod h1:Gz+LIU/YCKnKXhgge8yo5Yu1F/lbv7KtKFkiCSzW/P4=
github.com/extism/go-pdk v1.0.0-rc1.0.20231030192639-2bf07ca8fb5f h1:0OnkylslVDhNrYC39Bt7uzD5X0iCxPR1/KGb3XjgyuU=
github.com/extism/go-pdk v1.0.0-rc1.0.20231030192639-2bf07ca8fb5f/go.mod h1:Gz+LIU/YCKnKXhgge8yo5Yu1F/lbv7KtKFkiCSzW/P4=
github.com/extism/go-pdk v1.0.0-rc2 h1:EZuo8idErnV8KB8TTSTiO2T1lkX047OQ7K8STjn2WBs=
github.com/extism/go-pdk v1.0.0-rc2/go.mod h1:Gz+LIU/YCKnKXhgge8yo5Yu1F/lbv7KtKFkiCSzW/P4=
github.com/gorilla/websocket v1.5.1 h1:gmztn0JnHVt9JZquRuzLw3g4wouNVzKL15iLr/zn/QY=
github.com/gorilla/websocket v1.5.1/go.mod h1:x3kM2JMyaluk02fnUJpQuwD2dCS5NDG2ZHL0uE0tcaY=
golang.org/x/net v0.17.0 h1:pVaXccu2ozPjCXewfr1S7xza/zcXTity9cCdXQYSjIM=
golang.org/x/net v0.17.0/go.mod h1:NxSsAGuq816PNPmqtQdLE42eU2Fs7NoRIZrHJAlaCOE=
