github.com/extism/go-pdk v1.0.0-rc1 h1:BqAMNkWfyjQ3vSRiayLYdKxXNxhb/rPOePoIDxAM24c=
github.com/extism/go-pdk v1.0.0-rc1/go.mod h1:Gz+LIU/YCKnKXhgge8yo5Yu1F/lbv7KtKFkiCSzW/P4=
github.com/extism/go-pdk v1.0.0-rc1.0.20231030192639-2bf07ca8fb5f h1:0OnkylslVDhNrYC39Bt7uzD5X0iCxPR1/KGb3XjgyuU=
github.com/extism/go-pdk v1.0.0-rc1.0.20231030192639-2bf07ca8fb5f/go.mod h1:Gz+LIU/YCKnKXhgge8yo5Yu1F/lbv7KtKFkiCSzW/P4=
